
Microsoft Visual Studio Solution File, Format Version 12.00
Project("{FAE04EC0-301F-11D3-BF4B-00C04F79EFBC}") = "GeneratorPlugin.SpecFlowPlugin", "GeneratorPlugin.SpecFlowPlugin\GeneratorPlugin.SpecFlowPlugin.csproj", "{3D9F29FA-E8C2-4D56-9C04-BB06F4BA5944}"
EndProject
Project("{FAE04EC0-301F-11D3-BF4B-00C04F79EFBC}") = "RuntimePlugin.SpecFlowPlugin", "RuntimePlugin.SpecFlowPlugin\RuntimePlugin.SpecFlowPlugin.csproj", "{82A3B130-AFBC-4029-9B4F-6040C05585E6}"
EndProject
Project("{FAE04EC0-301F-11D3-BF4B-00C04F79EFBC}") = "TestProject", "TestProject\TestProject.csproj", "{B5BF847B-5157-41F5-A638-9760715FF4FD}"
EndProject
Global
	GlobalSection(SolutionConfigurationPlatforms) = preSolution
		Debug|Any CPU = Debug|Any CPU
		Release|Any CPU = Release|Any CPU
	EndGlobalSection
	GlobalSection(ProjectConfigurationPlatforms) = postSolution
		{3D9F29FA-E8C2-4D56-9C04-BB06F4BA5944}.Debug|Any CPU.ActiveCfg = Debug|Any CPU
		{3D9F29FA-E8C2-4D56-9C04-BB06F4BA5944}.Debug|Any CPU.Build.0 = Debug|Any CPU
		{3D9F29FA-E8C2-4D56-9C04-BB06F4BA5944}.Release|Any CPU.ActiveCfg = Release|Any CPU
		{3D9F29FA-E8C2-4D56-9C04-BB06F4BA5944}.Release|Any CPU.Build.0 = Release|Any CPU
		{82A3B130-AFBC-4029-9B4F-6040C05585E6}.Debug|Any CPU.ActiveCfg = Debug|Any CPU
		{82A3B130-AFBC-4029-9B4F-6040C05585E6}.Debug|Any CPU.Build.0 = Debug|Any CPU
		{82A3B130-AFBC-4029-9B4F-6040C05585E6}.Release|Any CPU.ActiveCfg = Release|Any CPU
		{82A3B130-AFBC-4029-9B4F-6040C05585E6}.Release|Any CPU.Build.0 = Release|Any CPU
		{B5BF847B-5157-41F5-A638-9760715FF4FD}.Debug|Any CPU.ActiveCfg = Debug|Any CPU
		{B5BF847B-5157-41F5-A638-9760715FF4FD}.Debug|Any CPU.Build.0 = Debug|Any CPU
		{B5BF847B-5157-41F5-A638-9760715FF4FD}.Release|Any CPU.ActiveCfg = Release|Any CPU
		{B5BF847B-5157-41F5-A638-9760715FF4FD}.Release|Any CPU.Build.0 = Release|Any CPU
	EndGlobalSection
EndGlobal
